
Microsoft Visual Studio Solution File, Format Version 12.00
# Visual Studio 15
VisualStudioVersion = 15.0.27428.2002
MinimumVisualStudioVersion = 10.0.40219.1
Project("{FAE04EC0-301F-11D3-BF4B-00C04F79EFBC}") = "s3downloader", "s3downloader\s3downloader.csproj", "{11C81748-0B05-4C32-AA73-F263FAC38A27}"
EndProject
Global
	GlobalSection(SolutionConfigurationPlatforms) = preSolution
		Debug|Any CPU = Debug|Any CPU
		Release|Any CPU = Release|Any CPU
	EndGlobalSection
	GlobalSection(ProjectConfigurationPlatforms) = postSolution
		{11C81748-0B05-4C32-AA73-F263FAC38A27}.Debug|Any CPU.ActiveCfg = Debug|Any CPU
		{11C81748-0B05-4C32-AA73-F263FAC38A27}.Debug|Any CPU.Build.0 = Debug|Any CPU
		{11C81748-0B05-4C32-AA73-F263FAC38A27}.Release|Any CPU.ActiveCfg = Release|Any CPU
		{11C81748-0B05-4C32-AA73-F263FAC38A27}.Release|Any CPU.Build.0 = Release|Any CPU
	EndGlobalSection
	GlobalSection(SolutionProperties) = preSolution
		HideSolutionNode = FALSE
	EndGlobalSection
	GlobalSection(ExtensibilityGlobals) = postSolution
		SolutionGuid = {9273BAF8-8578-4C8C-A9DF-1954036E9C20}
	EndGlobalSection
EndGlobal
